// !$*UTF8*$!
{
	archiveVersion = 1;
	classes = {
	};
	objectVersion = 48;
	objects = {

/* Begin PBXBuildFile section */
		58E4138E1FB75ECE00718A90 /* AppDelegate.swift in Sources */ = {isa = PBXBuildFile; fileRef = 58E4138D1FB75ECE00718A90 /* AppDelegate.swift */; };
		58E413901FB75ECE00718A90 /* ChecklistViewController.swift in Sources */ = {isa = PBXBuildFile; fileRef = 58E4138F1FB75ECE00718A90 /* ChecklistViewController.swift */; };
		58E413931FB75ECE00718A90 /* Main.storyboard in Resources */ = {isa = PBXBuildFile; fileRef = 58E413911FB75ECE00718A90 /* Main.storyboard */; };
		58E413951FB75ECE00718A90 /* Assets.xcassets in Resources */ = {isa = PBXBuildFile; fileRef = 58E413941FB75ECE00718A90 /* Assets.xcassets */; };
		58E413981FB75ECE00718A90 /* LaunchScreen.storyboard in Resources */ = {isa = PBXBuildFile; fileRef = 58E413961FB75ECE00718A90 /* LaunchScreen.storyboard */; };
		58E413A01FB76BBC00718A90 /* ToDo.swift in Sources */ = {isa = PBXBuildFile; fileRef = 58E4139F1FB76BBC00718A90 /* ToDo.swift */; };
/* End PBXBuildFile section */

/* Begin PBXFileReference section */
		58E4138A1FB75ECE00718A90 /* Checklist.app */ = {isa = PBXFileReference; explicitFileType = wrapper.application; includeInIndex = 0; path = Checklist.app; sourceTree = BUILT_PRODUCTS_DIR; };
		58E4138D1FB75ECE00718A90 /* AppDelegate.swift */ = {isa = PBXFileReference; lastKnownFileType = sourcecode.swift; path = AppDelegate.swift; sourceTree = "<group>"; };
		58E4138F1FB75ECE00718A90 /* ChecklistViewController.swift */ = {isa = PBXFileReference; lastKnownFileType = sourcecode.swift; path = ChecklistViewController.swift; sourceTree = "<group>"; };
		58E413921FB75ECE00718A90 /* Base */ = {isa = PBXFileReference; lastKnownFileType = file.storyboard; name = Base; path = Base.lproj/Main.storyboard; sourceTree = "<group>"; };
		58E413941FB75ECE00718A90 /* Assets.xcassets */ = {isa = PBXFileReference; lastKnownFileType = folder.assetcatalog; path = Assets.xcassets; sourceTree = "<group>"; };
		58E413971FB75ECE00718A90 /* Base */ = {isa = PBXFileReference; lastKnownFileType = file.storyboard; name = Base; path = Base.lproj/LaunchScreen.storyboard; sourceTree = "<group>"; };
		58E413991FB75ECE00718A90 /* Info.plist */ = {isa = PBXFileReference; lastKnownFileType = text.plist.xml; path = Info.plist; sourceTree = "<group>"; };
		58E4139F1FB76BBC00718A90 /* ToDo.swift */ = {isa = PBXFileReference; lastKnownFileType = sourcecode.swift; name = ToDo.swift; path = ../../checklist/Checklist/ToDo.swift; sourceTree = "<group>"; };
/* End PBXFileReference section */

/* Begin PBXFrameworksBuildPhase section */
		58E413871FB75ECE00718A90 /* Frameworks */ = {
			isa = PBXFrameworksBuildPhase;
			buildActionMask = 2147483647;
			files = (
			);
			runOnlyForDeploymentPostprocessing = 0;
		};
/* End PBXFrameworksBuildPhase section */

/* Begin PBXGroup section */
		58E413811FB75ECE00718A90 = {
			isa = PBXGroup;
			children = (
				58E4138C1FB75ECE00718A90 /* Checklist */,
				58E4138B1FB75ECE00718A90 /* Products */,
			);
			sourceTree = "<group>";
		};
		58E4138B1FB75ECE00718A90 /* Products */ = {
			isa = PBXGroup;
			children = (
				58E4138A1FB75ECE00718A90 /* Checklist.app */,
			);
			name = Products;
			sourceTree = "<group>";
		};
		58E4138C1FB75ECE00718A90 /* Checklist */ = {
			isa = PBXGroup;
			children = (
				58E4138D1FB75ECE00718A90 /* AppDelegate.swift */,
				58E4138F1FB75ECE00718A90 /* ChecklistViewController.swift */,
				58E413911FB75ECE00718A90 /* Main.storyboard */,
				58E413941FB75ECE00718A90 /* Assets.xcassets */,
				58E413961FB75ECE00718A90 /* LaunchScreen.storyboard */,
				58E413991FB75ECE00718A90 /* Info.plist */,
				58E4139F1FB76BBC00718A90 /* ToDo.swift */,
			);
			path = Checklist;
			sourceTree = "<group>";
		};
/* End PBXGroup section */

/* Begin PBXNativeTarget section */
		58E413891FB75ECE00718A90 /* Checklist */ = {
			isa = PBXNativeTarget;
			buildConfigurationList = 58E4139C1FB75ECE00718A90 /* Build configuration list for PBXNativeTarget "Checklist" */;
			buildPhases = (
				58E413861FB75ECE00718A90 /* Sources */,
				58E413871FB75ECE00718A90 /* Frameworks */,
				58E413881FB75ECE00718A90 /* Resources */,
			);
			buildRules = (
			);
			dependencies = (
			);
			name = Checklist;
			productName = Checklist;
			productReference = 58E4138A1FB75ECE00718A90 /* Checklist.app */;
			productType = "com.apple.product-type.application";
		};
/* End PBXNativeTarget section */

/* Begin PBXProject section */
		58E413821FB75ECE00718A90 /* Project object */ = {
			isa = PBXProject;
			attributes = {
				LastSwiftUpdateCheck = 0910;
				LastUpgradeCheck = 0910;
				ORGANIZATIONNAME = "Pash DeVore";
				TargetAttributes = {
					58E413891FB75ECE00718A90 = {
						CreatedOnToolsVersion = 9.1;
						ProvisioningStyle = Automatic;
					};
				};
			};
			buildConfigurationList = 58E413851FB75ECE00718A90 /* Build configuration list for PBXProject "Checklist" */;
			compatibilityVersion = "Xcode 8.0";
			developmentRegion = en;
			hasScannedForEncodings = 0;
			knownRegions = (
				en,
				Base,
			);
			mainGroup = 58E413811FB75ECE00718A90;
			productRefGroup = 58E4138B1FB75ECE00718A90 /* Products */;
			projectDirPath = "";
			projectRoot = "";
			targets = (
				58E413891FB75ECE00718A90 /* Checklist */,
			);
		};
/* End PBXProject section */

/* Begin PBXResourcesBuildPhase section */
		58E413881FB75ECE00718A90 /* Resources */ = {
			isa = PBXResourcesBuildPhase;
			buildActionMask = 2147483647;
			files = (
				58E413981FB75ECE00718A90 /* LaunchScreen.storyboard in Resources */,
				58E413951FB75ECE00718A90 /* Assets.xcassets in Resources */,
				58E413931FB75ECE00718A90 /* Main.storyboard in Resources */,
			);
			runOnlyForDeploymentPostprocessing = 0;
		};
/* End PBXResourcesBuildPhase section */

/* Begin PBXSourcesBuildPhase section */
		58E413861FB75ECE00718A90 /* Sources */ = {
			isa = PBXSourcesBuildPhase;
			buildActionMask = 2147483647;
			files = (
				58E413A01FB76BBC00718A90 /* ToDo.swift in Sources */,
				58E413901FB75ECE00718A90 /* ChecklistViewController.swift in Sources */,
				58E4138E1FB75ECE00718A90 /* AppDelegate.swift in Sources */,
			);
			runOnlyForDeploymentPostprocessing = 0;
		};
/* End PBXSourcesBuildPhase section */

/* Begin PBXVariantGroup section */
		58E413911FB75ECE00718A90 /* Main.storyboard */ = {
			isa = PBXVariantGroup;
			children = (
				58E413921FB75ECE00718A90 /* Base */,
			);
			name = Main.storyboard;
			sourceTree = "<group>";
		};
		58E413961FB75ECE00718A90 /* LaunchScreen.storyboard */ = {
			isa = PBXVariantGroup;
			children = (
				58E413971FB75ECE00718A90 /* Base */,
			);
			name = LaunchScreen.storyboard;
			sourceTree = "<group>";
		};
/* End PBXVariantGroup section */

/* Begin XCBuildConfiguration section */
		58E4139A1FB75ECE00718A90 /* Debug */ = {
			isa = XCBuildConfiguration;
			buildSettings = {
				ALWAYS_SEARCH_USER_PATHS = NO;
				CLANG_ANALYZER_NONNULL = YES;
				CLANG_ANALYZER_NUMBER_OBJECT_CONVERSION = YES_AGGRESSIVE;
				CLANG_CXX_LANGUAGE_STANDARD = "gnu++14";
				CLANG_CXX_LIBRARY = "libc++";
				CLANG_ENABLE_MODULES = YES;
				CLANG_ENABLE_OBJC_ARC = YES;
				CLANG_WARN_BLOCK_CAPTURE_AUTORELEASING = YES;
				CLANG_WARN_BOOL_CONVERSION = YES;
				CLANG_WARN_COMMA = YES;
				CLANG_WARN_CONSTANT_CONVERSION = YES;
				CLANG_WARN_DIRECT_OBJC_ISA_USAGE = YES_ERROR;
				CLANG_WARN_DOCUMENTATION_COMMENTS = YES;
				CLANG_WARN_EMPTY_BODY = YES;
				CLANG_WARN_ENUM_CONVERSION = YES;
				CLANG_WARN_INFINITE_RECURSION = YES;
				CLANG_WARN_INT_CONVERSION = YES;
				CLANG_WARN_NON_LITERAL_NULL_CONVERSION = YES;
				CLANG_WARN_OBJC_LITERAL_CONVERSION = YES;
				CLANG_WARN_OBJC_ROOT_CLASS = YES_ERROR;
				CLANG_WARN_RANGE_LOOP_ANALYSIS = YES;
				CLANG_WARN_STRICT_PROTOTYPES = YES;
				CLANG_WARN_SUSPICIOUS_MOVE = YES;
				CLANG_WARN_UNGUARDED_AVAILABILITY = YES_AGGRESSIVE;
				CLANG_WARN_UNREACHABLE_CODE = YES;
				CLANG_WARN__DUPLICATE_METHOD_MATCH = YES;
				CODE_SIGN_IDENTITY = "iPhone Developer";
				COPY_PHASE_STRIP = NO;
				DEBUG_INFORMATION_FORMAT = dwarf;
				ENABLE_STRICT_OBJC_MSGSEND = YES;
				ENABLE_TESTABILITY = YES;
				GCC_C_LANGUAGE_STANDARD = gnu11;
				GCC_DYNAMIC_NO_PIC = NO;
				GCC_NO_COMMON_BLOCKS = YES;
				GCC_OPTIMIZATION_LEVEL = 0;
				GCC_PREPROCESSOR_DEFINITIONS = (
					"DEBUG=1",
					"$(inherited)",
				);
				GCC_WARN_64_TO_32_BIT_CONVERSION = YES;
				GCC_WARN_ABOUT_RETURN_TYPE = YES_ERROR;
				GCC_WARN_UNDECLARED_SELECTOR = YES;
				GCC_WARN_UNINITIALIZED_AUTOS = YES_AGGRESSIVE;
				GCC_WARN_UNUSED_FUNCTION = YES;
				GCC_WARN_UNUSED_VARIABLE = YES;
				IPHONEOS_DEPLOYMENT_TARGET = 11.1;
				MTL_ENABLE_DEBUG_INFO = YES;
				ONLY_ACTIVE_ARCH = YES;
				SDKROOT = iphoneos;
				SWIFT_ACTIVE_COMPILATION_CONDITIONS = DEBUG;
				SWIFT_OPTIMIZATION_LEVEL = "-Onone";
			};
			name = Debug;
		};
		58E4139B1FB75ECE00718A90 /* Release */ = {
			isa = XCBuildConfiguration;
			buildSettings = {
				ALWAYS_SEARCH_USER_PATHS = NO;
				CLANG_ANALYZER_NONNULL = YES;
				CLANG_ANALYZER_NUMBER_OBJECT_CONVERSION = YES_AGGRESSIVE;
				CLANG_CXX_LANGUAGE_STANDARD = "gnu++14";
				CLANG_CXX_LIBRARY = "libc++";
				CLANG_ENABLE_MODULES = YES;
				CLANG_ENABLE_OBJC_ARC = YES;
				CLANG_WARN_BLOCK_CAPTURE_AUTORELEASING = YES;
				CLANG_WARN_BOOL_CONVERSION = YES;
				CLANG_WARN_COMMA = YES;
				CLANG_WARN_CONSTANT_CONVERSION = YES;
				CLANG_WARN_DIRECT_OBJC_ISA_USAGE = YES_ERROR;
				CLANG_WARN_DOCUMENTATION_COMMENTS = YES;
				CLANG_WARN_EMPTY_BODY = YES;
				CLANG_WARN_ENUM_CONVERSION = YES;
				CLANG_WARN_INFINITE_RECURSION = YES;
				CLANG_WARN_INT_CONVERSION = YES;
				CLANG_WARN_NON_LITERAL_NULL_CONVERSION = YES;
				CLANG_WARN_OBJC_LITERAL_CONVERSION = YES;
				CLANG_WARN_OBJC_ROOT_CLASS = YES_ERROR;
				CLANG_WARN_RANGE_LOOP_ANALYSIS = YES;
				CLANG_WARN_STRICT_PROTOTYPES = YES;
				CLANG_WARN_SUSPICIOUS_MOVE = YES;
				CLANG_WARN_UNGUARDED_AVAILABILITY = YES_AGGRESSIVE;
				CLANG_WARN_UNREACHABLE_CODE = YES;
				CLANG_WARN__DUPLICATE_METHOD_MATCH = YES;
				CODE_SIGN_IDENTITY = "iPhone Developer";
				COPY_PHASE_STRIP = NO;
				DEBUG_INFORMATION_FORMAT = "dwarf-with-dsym";
				ENABLE_NS_ASSERTIONS = NO;
				ENABLE_STRICT_OBJC_MSGSEND = YES;
				GCC_C_LANGUAGE_STANDARD = gnu11;
				GCC_NO_COMMON_BLOCKS = YES;
				GCC_WARN_64_TO_32_BIT_CONVERSION = YES;
				GCC_WARN_ABOUT_RETURN_TYPE = YES_ERROR;
				GCC_WARN_UNDECLARED_SELECTOR = YES;
				GCC_WARN_UNINITIALIZED_AUTOS = YES_AGGRESSIVE;
				GCC_WARN_UNUSED_FUNCTION = YES;
				GCC_WARN_UNUSED_VARIABLE = YES;
				IPHONEOS_DEPLOYMENT_TARGET = 11.1;
				MTL_ENABLE_DEBUG_INFO = NO;
				SDKROOT = iphoneos;
				SWIFT_OPTIMIZATION_LEVEL = "-Owholemodule";
				VALIDATE_PRODUCT = YES;
			};
			name = Release;
		};
		58E4139D1FB75ECE00718A90 /* Debug */ = {
			isa = XCBuildConfiguration;
			buildSettings = {
				ASSETCATALOG_COMPILER_APPICON_NAME = AppIcon;
				CODE_SIGN_STYLE = Automatic;
				DEVELOPMENT_TEAM = 4E946L33E7;
				INFOPLIST_FILE = Checklist/Info.plist;
				LD_RUNPATH_SEARCH_PATHS = "$(inherited) @executable_path/Frameworks";
				PRODUCT_BUNDLE_IDENTIFIER = com.pashdevore.Checklist;
				PRODUCT_NAME = "$(TARGET_NAME)";
				SWIFT_VERSION = 4.0;
				TARGETED_DEVICE_FAMILY = "1,2";
			};
			name = Debug;
		};
		58E4139E1FB75ECE00718A90 /* Release */ = {
			isa = XCBuildConfiguration;
			buildSettings = {
				ASSETCATALOG_COMPILER_APPICON_NAME = AppIcon;
				CODE_SIGN_STYLE = Automatic;
				DEVELOPMENT_TEAM = 4E946L33E7;
				INFOPLIST_FILE = Checklist/Info.plist;
				LD_RUNPATH_SEARCH_PATHS = "$(inherited) @executable_path/Frameworks";
				PRODUCT_BUNDLE_IDENTIFIER = com.pashdevore.Checklist;
				PRODUCT_NAME = "$(TARGET_NAME)";
				SWIFT_VERSION = 4.0;
				TARGETED_DEVICE_FAMILY = "1,2";
			};
			name = Release;
		};
/* End XCBuildConfiguration section */

/* Begin XCConfigurationList section */
		58E413851FB75ECE00718A90 /* Build configuration list for PBXProject "Checklist" */ = {
			isa = XCConfigurationList;
			buildConfigurations = (
				58E4139A1FB75ECE00718A90 /* Debug */,
				58E4139B1FB75ECE00718A90 /* Release */,
			);
			defaultConfigurationIsVisible = 0;
			defaultConfigurationName = Release;
		};
		58E4139C1FB75ECE00718A90 /* Build configuration list for PBXNativeTarget "Checklist" */ = {
			isa = XCConfigurationList;
			buildConfigurations = (
				58E4139D1FB75ECE00718A90 /* Debug */,
				58E4139E1FB75ECE00718A90 /* Release */,
			);
			defaultConfigurationIsVisible = 0;
			defaultConfigurationName = Release;
		};
/* End XCConfigurationList section */
	};
	rootObject = 58E413821FB75ECE00718A90 /* Project object */;
}
